// !$*UTF8*$!
{
	archiveVersion = 1;
	classes = {
	};
	objectVersion = 46;
	objects = {

/* Begin PBXBuildFile section */
		415E53F01F498A93009E33BC /* UIColorExtension.swift in Sources */ = {isa = PBXBuildFile; fileRef = 415E53EF1F498A93009E33BC /* UIColorExtension.swift */; };
		415E53F11F498F31009E33BC /* en.json in Resources */ = {isa = PBXBuildFile; fileRef = 412584331F48C15500E1297D /* en.json */; };
		415E53F21F498F37009E33BC /* de.json in Resources */ = {isa = PBXBuildFile; fileRef = 412584301F48C15500E1297D /* de.json */; };
		415E53F31F498F37009E33BC /* it.json in Resources */ = {isa = PBXBuildFile; fileRef = 412584311F48C15500E1297D /* it.json */; };
		415E53F41F498F37009E33BC /* pt.json in Resources */ = {isa = PBXBuildFile; fileRef = 412584321F48C15500E1297D /* pt.json */; };
		41C205DD1F478E7D0029B39D /* AppDelegate.swift in Sources */ = {isa = PBXBuildFile; fileRef = 41C205DC1F478E7D0029B39D /* AppDelegate.swift */; };
		41C205DF1F478E7D0029B39D /* ViewController.swift in Sources */ = {isa = PBXBuildFile; fileRef = 41C205DE1F478E7D0029B39D /* ViewController.swift */; };
		41C205E21F478E7D0029B39D /* Main.storyboard in Resources */ = {isa = PBXBuildFile; fileRef = 41C205E01F478E7D0029B39D /* Main.storyboard */; };
		41C205E71F478E7D0029B39D /* LaunchScreen.storyboard in Resources */ = {isa = PBXBuildFile; fileRef = 41C205E51F478E7D0029B39D /* LaunchScreen.storyboard */; };
		41C205F81F4797040029B39D /* RecordingViewController.swift in Sources */ = {isa = PBXBuildFile; fileRef = 41C205F71F4797040029B39D /* RecordingViewController.swift */; };
		41C205FD1F481F170029B39D /* RecordingDetailViewController.swift in Sources */ = {isa = PBXBuildFile; fileRef = 41C205FC1F481F170029B39D /* RecordingDetailViewController.swift */; };
		41C205FF1F481F920029B39D /* RangeView.swift in Sources */ = {isa = PBXBuildFile; fileRef = 41C205FE1F481F920029B39D /* RangeView.swift */; };
		41C206011F4822D20029B39D /* CoreGraphics.framework in Frameworks */ = {isa = PBXBuildFile; fileRef = 41C206001F4822D20029B39D /* CoreGraphics.framework */; };
		41C206031F484B7C0029B39D /* Assets.xcassets in Resources */ = {isa = PBXBuildFile; fileRef = 41C206021F484B7C0029B39D /* Assets.xcassets */; };
		41CDE7E81F4CEE9F006CE08B /* NSAttributtedString+Link.swift in Sources */ = {isa = PBXBuildFile; fileRef = 41CDE7E71F4CEE9F006CE08B /* NSAttributtedString+Link.swift */; };
		41E5E4141F496A9900B191F5 /* InfoPlist.strings in Resources */ = {isa = PBXBuildFile; fileRef = 41E5E4161F496A9900B191F5 /* InfoPlist.strings */; };
		41E5E41E1F496E9B00B191F5 /* Localizable.strings in Resources */ = {isa = PBXBuildFile; fileRef = 41E5E41C1F496B4A00B191F5 /* Localizable.strings */; };
		41E5E4201F49848600B191F5 /* AboutViewController.swift in Sources */ = {isa = PBXBuildFile; fileRef = 41E5E41F1F49848600B191F5 /* AboutViewController.swift */; };
		9505091F45E18BC411AA484F /* Pods_Voice_Pitch_Analyzer.framework in Frameworks */ = {isa = PBXBuildFile; fileRef = B0AD652FF89891087FE76A53 /* Pods_Voice_Pitch_Analyzer.framework */; };
/* End PBXBuildFile section */

/* Begin PBXFileReference section */
		412584301F48C15500E1297D /* de.json */ = {isa = PBXFileReference; lastKnownFileType = text.json; name = de.json; path = "Voice Pitch Analyzer/Resources/de.json"; sourceTree = "<group>"; };
		412584311F48C15500E1297D /* it.json */ = {isa = PBXFileReference; lastKnownFileType = text.json; name = it.json; path = "Voice Pitch Analyzer/Resources/it.json"; sourceTree = "<group>"; };
		412584321F48C15500E1297D /* pt.json */ = {isa = PBXFileReference; lastKnownFileType = text.json; name = pt.json; path = "Voice Pitch Analyzer/Resources/pt.json"; sourceTree = "<group>"; };
		412584331F48C15500E1297D /* en.json */ = {isa = PBXFileReference; lastKnownFileType = text.json; name = en.json; path = "Voice Pitch Analyzer/Resources/en.json"; sourceTree = "<group>"; };
		415E53EF1F498A93009E33BC /* UIColorExtension.swift */ = {isa = PBXFileReference; lastKnownFileType = sourcecode.swift; path = UIColorExtension.swift; sourceTree = "<group>"; };
		41C205D91F478E7D0029B39D /* Voice Pitch Analyzer.app */ = {isa = PBXFileReference; explicitFileType = wrapper.application; includeInIndex = 0; path = "Voice Pitch Analyzer.app"; sourceTree = BUILT_PRODUCTS_DIR; };
		41C205DC1F478E7D0029B39D /* AppDelegate.swift */ = {isa = PBXFileReference; lastKnownFileType = sourcecode.swift; path = AppDelegate.swift; sourceTree = "<group>"; };
		41C205DE1F478E7D0029B39D /* ViewController.swift */ = {isa = PBXFileReference; lastKnownFileType = sourcecode.swift; path = ViewController.swift; sourceTree = "<group>"; };
		41C205E11F478E7D0029B39D /* Base */ = {isa = PBXFileReference; lastKnownFileType = file.storyboard; name = Base; path = Base.lproj/Main.storyboard; sourceTree = "<group>"; };
		41C205E61F478E7D0029B39D /* Base */ = {isa = PBXFileReference; lastKnownFileType = file.storyboard; name = Base; path = Base.lproj/LaunchScreen.storyboard; sourceTree = "<group>"; };
		41C205E81F478E7D0029B39D /* Info.plist */ = {isa = PBXFileReference; lastKnownFileType = text.plist.xml; name = Info.plist; path = "Voice Pitch Analyzer/Info.plist"; sourceTree = "<group>"; };
		41C205F71F4797040029B39D /* RecordingViewController.swift */ = {isa = PBXFileReference; fileEncoding = 4; lastKnownFileType = sourcecode.swift; path = RecordingViewController.swift; sourceTree = "<group>"; };
		41C205FA1F479BDA0029B39D /* AVFoundation.framework */ = {isa = PBXFileReference; lastKnownFileType = wrapper.framework; name = AVFoundation.framework; path = System/Library/Frameworks/AVFoundation.framework; sourceTree = SDKROOT; };
		41C205FC1F481F170029B39D /* RecordingDetailViewController.swift */ = {isa = PBXFileReference; fileEncoding = 4; lastKnownFileType = sourcecode.swift; path = RecordingDetailViewController.swift; sourceTree = "<group>"; };
		41C205FE1F481F920029B39D /* RangeView.swift */ = {isa = PBXFileReference; fileEncoding = 4; lastKnownFileType = sourcecode.swift; path = RangeView.swift; sourceTree = "<group>"; };
		41C206001F4822D20029B39D /* CoreGraphics.framework */ = {isa = PBXFileReference; lastKnownFileType = wrapper.framework; name = CoreGraphics.framework; path = System/Library/Frameworks/CoreGraphics.framework; sourceTree = SDKROOT; };
		41C206021F484B7C0029B39D /* Assets.xcassets */ = {isa = PBXFileReference; lastKnownFileType = folder.assetcatalog; name = Assets.xcassets; path = "Voice Pitch Analyzer/Resources/Assets.xcassets"; sourceTree = "<group>"; };
		41CDE7E71F4CEE9F006CE08B /* NSAttributtedString+Link.swift */ = {isa = PBXFileReference; lastKnownFileType = sourcecode.swift; path = "NSAttributtedString+Link.swift"; sourceTree = "<group>"; };
		41E5E4151F496A9900B191F5 /* en */ = {isa = PBXFileReference; lastKnownFileType = text.plist.strings; name = en; path = en.lproj/InfoPlist.strings; sourceTree = "<group>"; };
		41E5E4171F496AB500B191F5 /* de */ = {isa = PBXFileReference; lastKnownFileType = text.plist.strings; name = de; path = de.lproj/Main.strings; sourceTree = "<group>"; };
		41E5E4181F496AB500B191F5 /* de */ = {isa = PBXFileReference; lastKnownFileType = text.plist.strings; name = de; path = de.lproj/LaunchScreen.strings; sourceTree = "<group>"; };
		41E5E4191F496AB500B191F5 /* de */ = {isa = PBXFileReference; lastKnownFileType = text.plist.strings; name = de; path = de.lproj/InfoPlist.strings; sourceTree = "<group>"; };
		41E5E41B1F496B4A00B191F5 /* en */ = {isa = PBXFileReference; lastKnownFileType = text.plist.strings; name = en; path = en.lproj/Localizable.strings; sourceTree = "<group>"; };
		41E5E41D1F496B8300B191F5 /* de */ = {isa = PBXFileReference; lastKnownFileType = text.plist.strings; name = de; path = de.lproj/Localizable.strings; sourceTree = "<group>"; };
		41E5E41F1F49848600B191F5 /* AboutViewController.swift */ = {isa = PBXFileReference; lastKnownFileType = sourcecode.swift; path = AboutViewController.swift; sourceTree = "<group>"; };
		4E8138DCC810D7C2E29B04DC /* Pods-Voice Pitch Analyzer.release.xcconfig */ = {isa = PBXFileReference; includeInIndex = 1; lastKnownFileType = text.xcconfig; name = "Pods-Voice Pitch Analyzer.release.xcconfig"; path = "Pods/Target Support Files/Pods-Voice Pitch Analyzer/Pods-Voice Pitch Analyzer.release.xcconfig"; sourceTree = "<group>"; };
		6FAFEE120D5069C22F442CAA /* Pods-Voice Pitch Analyzer.debug.xcconfig */ = {isa = PBXFileReference; includeInIndex = 1; lastKnownFileType = text.xcconfig; name = "Pods-Voice Pitch Analyzer.debug.xcconfig"; path = "Pods/Target Support Files/Pods-Voice Pitch Analyzer/Pods-Voice Pitch Analyzer.debug.xcconfig"; sourceTree = "<group>"; };
		B0AD652FF89891087FE76A53 /* Pods_Voice_Pitch_Analyzer.framework */ = {isa = PBXFileReference; explicitFileType = wrapper.framework; includeInIndex = 0; path = Pods_Voice_Pitch_Analyzer.framework; sourceTree = BUILT_PRODUCTS_DIR; };
/* End PBXFileReference section */

/* Begin PBXFrameworksBuildPhase section */
		41C205D61F478E7D0029B39D /* Frameworks */ = {
			isa = PBXFrameworksBuildPhase;
			buildActionMask = 2147483647;
			files = (
				41C206011F4822D20029B39D /* CoreGraphics.framework in Frameworks */,
				9505091F45E18BC411AA484F /* Pods_Voice_Pitch_Analyzer.framework in Frameworks */,
			);
			runOnlyForDeploymentPostprocessing = 0;
		};
/* End PBXFrameworksBuildPhase section */

/* Begin PBXGroup section */
		41C205D01F478E7D0029B39D = {
			isa = PBXGroup;
			children = (
				41C205EE1F47930C0029B39D /* Resources */,
				41C205DB1F478E7D0029B39D /* Voice Pitch Analyzer */,
				41C205DA1F478E7D0029B39D /* Products */,
				41C205F91F479BDA0029B39D /* Frameworks */,
				8BB3F525C656EDD6C0114D7A /* Pods */,
			);
			sourceTree = "<group>";
		};
		41C205DA1F478E7D0029B39D /* Products */ = {
			isa = PBXGroup;
			children = (
				41C205D91F478E7D0029B39D /* Voice Pitch Analyzer.app */,
			);
			name = Products;
			sourceTree = "<group>";
		};
		41C205DB1F478E7D0029B39D /* Voice Pitch Analyzer */ = {
			isa = PBXGroup;
			children = (
				41C205DC1F478E7D0029B39D /* AppDelegate.swift */,
				41C205DE1F478E7D0029B39D /* ViewController.swift */,
				41C205E01F478E7D0029B39D /* Main.storyboard */,
				41C205E51F478E7D0029B39D /* LaunchScreen.storyboard */,
				41C205F71F4797040029B39D /* RecordingViewController.swift */,
				41C205FC1F481F170029B39D /* RecordingDetailViewController.swift */,
				41C205FE1F481F920029B39D /* RangeView.swift */,
				41E5E41F1F49848600B191F5 /* AboutViewController.swift */,
				415E53EF1F498A93009E33BC /* UIColorExtension.swift */,
				41CDE7E71F4CEE9F006CE08B /* NSAttributtedString+Link.swift */,
			);
			path = "Voice Pitch Analyzer";
			sourceTree = "<group>";
		};
		41C205EE1F47930C0029B39D /* Resources */ = {
			isa = PBXGroup;
			children = (
				41E5E41C1F496B4A00B191F5 /* Localizable.strings */,
				412584301F48C15500E1297D /* de.json */,
				412584331F48C15500E1297D /* en.json */,
				412584311F48C15500E1297D /* it.json */,
				412584321F48C15500E1297D /* pt.json */,
				41C206021F484B7C0029B39D /* Assets.xcassets */,
				41C205E81F478E7D0029B39D /* Info.plist */,
				41E5E4161F496A9900B191F5 /* InfoPlist.strings */,
			);
			name = Resources;
			sourceTree = "<group>";
		};
		41C205F91F479BDA0029B39D /* Frameworks */ = {
			isa = PBXGroup;
			children = (
				41C206001F4822D20029B39D /* CoreGraphics.framework */,
				41C205FA1F479BDA0029B39D /* AVFoundation.framework */,
				B0AD652FF89891087FE76A53 /* Pods_Voice_Pitch_Analyzer.framework */,
			);
			name = Frameworks;
			sourceTree = "<group>";
		};
		8BB3F525C656EDD6C0114D7A /* Pods */ = {
			isa = PBXGroup;
			children = (
				6FAFEE120D5069C22F442CAA /* Pods-Voice Pitch Analyzer.debug.xcconfig */,
				4E8138DCC810D7C2E29B04DC /* Pods-Voice Pitch Analyzer.release.xcconfig */,
			);
			name = Pods;
			sourceTree = "<group>";
		};
/* End PBXGroup section */

/* Begin PBXNativeTarget section */
		41C205D81F478E7D0029B39D /* Voice Pitch Analyzer */ = {
			isa = PBXNativeTarget;
			buildConfigurationList = 41C205EB1F478E7D0029B39D /* Build configuration list for PBXNativeTarget "Voice Pitch Analyzer" */;
			buildPhases = (
				59DC4BA9FD303E7EE0057A23 /* [CP] Check Pods Manifest.lock */,
				41C205D51F478E7D0029B39D /* Sources */,
				41C205D61F478E7D0029B39D /* Frameworks */,
				41C205D71F478E7D0029B39D /* Resources */,
				EF2C5DC34665B843B2AD39A5 /* [CP] Embed Pods Frameworks */,
				10D4BC109A59ACA401AA9E93 /* [CP] Copy Pods Resources */,
			);
			buildRules = (
			);
			dependencies = (
			);
			name = "Voice Pitch Analyzer";
			productName = "Voice Pitch Analyzer";
			productReference = 41C205D91F478E7D0029B39D /* Voice Pitch Analyzer.app */;
			productType = "com.apple.product-type.application";
		};
/* End PBXNativeTarget section */

/* Begin PBXProject section */
		41C205D11F478E7D0029B39D /* Project object */ = {
			isa = PBXProject;
			attributes = {
				LastSwiftUpdateCheck = 0830;
				LastUpgradeCheck = 0920;
				ORGANIZATIONNAME = "Carola Nitz";
				TargetAttributes = {
					41C205D81F478E7D0029B39D = {
						CreatedOnToolsVersion = 8.3.3;
						DevelopmentTeam = EHS3N33NZL;
						LastSwiftMigration = 0920;
						ProvisioningStyle = Automatic;
					};
				};
			};
			buildConfigurationList = 41C205D41F478E7D0029B39D /* Build configuration list for PBXProject "Voice Pitch Analyzer" */;
			compatibilityVersion = "Xcode 3.2";
			developmentRegion = English;
			hasScannedForEncodings = 0;
			knownRegions = (
				en,
				Base,
				de,
			);
			mainGroup = 41C205D01F478E7D0029B39D;
			productRefGroup = 41C205DA1F478E7D0029B39D /* Products */;
			projectDirPath = "";
			projectRoot = "";
			targets = (
				41C205D81F478E7D0029B39D /* Voice Pitch Analyzer */,
			);
		};
/* End PBXProject section */

/* Begin PBXResourcesBuildPhase section */
		41C205D71F478E7D0029B39D /* Resources */ = {
			isa = PBXResourcesBuildPhase;
			buildActionMask = 2147483647;
			files = (
				415E53F11F498F31009E33BC /* en.json in Resources */,
				41E5E41E1F496E9B00B191F5 /* Localizable.strings in Resources */,
				41C205E71F478E7D0029B39D /* LaunchScreen.storyboard in Resources */,
				41E5E4141F496A9900B191F5 /* InfoPlist.strings in Resources */,
				415E53F31F498F37009E33BC /* it.json in Resources */,
				41C206031F484B7C0029B39D /* Assets.xcassets in Resources */,
				415E53F41F498F37009E33BC /* pt.json in Resources */,
				41C205E21F478E7D0029B39D /* Main.storyboard in Resources */,
				415E53F21F498F37009E33BC /* de.json in Resources */,
			);
			runOnlyForDeploymentPostprocessing = 0;
		};
/* End PBXResourcesBuildPhase section */

/* Begin PBXShellScriptBuildPhase section */
		10D4BC109A59ACA401AA9E93 /* [CP] Copy Pods Resources */ = {
			isa = PBXShellScriptBuildPhase;
			buildActionMask = 2147483647;
			files = (
			);
			inputPaths = (
			);
			name = "[CP] Copy Pods Resources";
			outputPaths = (
			);
			runOnlyForDeploymentPostprocessing = 0;
			shellPath = /bin/sh;
			shellScript = "\"${SRCROOT}/Pods/Target Support Files/Pods-Voice Pitch Analyzer/Pods-Voice Pitch Analyzer-resources.sh\"\n";
			showEnvVarsInLog = 0;
		};
		59DC4BA9FD303E7EE0057A23 /* [CP] Check Pods Manifest.lock */ = {
			isa = PBXShellScriptBuildPhase;
			buildActionMask = 2147483647;
			files = (
			);
			inputPaths = (
				"${PODS_PODFILE_DIR_PATH}/Podfile.lock",
				"${PODS_ROOT}/Manifest.lock",
			);
			name = "[CP] Check Pods Manifest.lock";
			outputPaths = (
				"$(DERIVED_FILE_DIR)/Pods-Voice Pitch Analyzer-checkManifestLockResult.txt",
			);
			runOnlyForDeploymentPostprocessing = 0;
			shellPath = /bin/sh;
			shellScript = "diff \"${PODS_PODFILE_DIR_PATH}/Podfile.lock\" \"${PODS_ROOT}/Manifest.lock\" > /dev/null\nif [ $? != 0 ] ; then\n    # print error to STDERR\n    echo \"error: The sandbox is not in sync with the Podfile.lock. Run 'pod install' or update your CocoaPods installation.\" >&2\n    exit 1\nfi\n";
			showEnvVarsInLog = 0;
		};
		EF2C5DC34665B843B2AD39A5 /* [CP] Embed Pods Frameworks */ = {
			isa = PBXShellScriptBuildPhase;
			buildActionMask = 2147483647;
			files = (
			);
			inputPaths = (
				"${SRCROOT}/Pods/Target Support Files/Pods-Voice Pitch Analyzer/Pods-Voice Pitch Analyzer-frameworks.sh",
				"${BUILT_PRODUCTS_DIR}/Beethoven/Beethoven.framework",
				"${BUILT_PRODUCTS_DIR}/Pitchy/Pitchy.framework",
			);
			name = "[CP] Embed Pods Frameworks";
			outputPaths = (
				"${TARGET_BUILD_DIR}/${FRAMEWORKS_FOLDER_PATH}/Beethoven.framework",
				"${TARGET_BUILD_DIR}/${FRAMEWORKS_FOLDER_PATH}/Pitchy.framework",
			);
			runOnlyForDeploymentPostprocessing = 0;
			shellPath = /bin/sh;
			shellScript = "\"${SRCROOT}/Pods/Target Support Files/Pods-Voice Pitch Analyzer/Pods-Voice Pitch Analyzer-frameworks.sh\"\n";
			showEnvVarsInLog = 0;
		};
/* End PBXShellScriptBuildPhase section */

/* Begin PBXSourcesBuildPhase section */
		41C205D51F478E7D0029B39D /* Sources */ = {
			isa = PBXSourcesBuildPhase;
			buildActionMask = 2147483647;
			files = (
				41E5E4201F49848600B191F5 /* AboutViewController.swift in Sources */,
				41C205FF1F481F920029B39D /* RangeView.swift in Sources */,
				415E53F01F498A93009E33BC /* UIColorExtension.swift in Sources */,
				41C205DF1F478E7D0029B39D /* ViewController.swift in Sources */,
				41C205FD1F481F170029B39D /* RecordingDetailViewController.swift in Sources */,
				41C205F81F4797040029B39D /* RecordingViewController.swift in Sources */,
				41CDE7E81F4CEE9F006CE08B /* NSAttributtedString+Link.swift in Sources */,
				41C205DD1F478E7D0029B39D /* AppDelegate.swift in Sources */,
			);
			runOnlyForDeploymentPostprocessing = 0;
		};
/* End PBXSourcesBuildPhase section */

/* Begin PBXVariantGroup section */
		41C205E01F478E7D0029B39D /* Main.storyboard */ = {
			isa = PBXVariantGroup;
			children = (
				41C205E11F478E7D0029B39D /* Base */,
				41E5E4171F496AB500B191F5 /* de */,
			);
			name = Main.storyboard;
			sourceTree = "<group>";
		};
		41C205E51F478E7D0029B39D /* LaunchScreen.storyboard */ = {
			isa = PBXVariantGroup;
			children = (
				41C205E61F478E7D0029B39D /* Base */,
				41E5E4181F496AB500B191F5 /* de */,
			);
			name = LaunchScreen.storyboard;
			sourceTree = "<group>";
		};
		41E5E4161F496A9900B191F5 /* InfoPlist.strings */ = {
			isa = PBXVariantGroup;
			children = (
				41E5E4151F496A9900B191F5 /* en */,
				41E5E4191F496AB500B191F5 /* de */,
			);
			name = InfoPlist.strings;
			sourceTree = "<group>";
		};
		41E5E41C1F496B4A00B191F5 /* Localizable.strings */ = {
			isa = PBXVariantGroup;
			children = (
				41E5E41B1F496B4A00B191F5 /* en */,
				41E5E41D1F496B8300B191F5 /* de */,
			);
			name = Localizable.strings;
			path = "/Users/caro/Documents/Projects/Voice Pitch Analyzer";
			sourceTree = "<absolute>";
		};
/* End PBXVariantGroup section */

/* Begin XCBuildConfiguration section */
		41C205E91F478E7D0029B39D /* Debug */ = {
			isa = XCBuildConfiguration;
			buildSettings = {
				ALWAYS_SEARCH_USER_PATHS = NO;
				CLANG_ANALYZER_LOCALIZABILITY_NONLOCALIZED = YES;
				CLANG_ANALYZER_NONNULL = YES;
				CLANG_ANALYZER_NUMBER_OBJECT_CONVERSION = YES_AGGRESSIVE;
				CLANG_CXX_LANGUAGE_STANDARD = "gnu++0x";
				CLANG_CXX_LIBRARY = "libc++";
				CLANG_ENABLE_MODULES = YES;
				CLANG_ENABLE_OBJC_ARC = YES;
				CLANG_WARN_BLOCK_CAPTURE_AUTORELEASING = YES;
				CLANG_WARN_BOOL_CONVERSION = YES;
				CLANG_WARN_COMMA = YES;
				CLANG_WARN_CONSTANT_CONVERSION = YES;
				CLANG_WARN_DIRECT_OBJC_ISA_USAGE = YES_ERROR;
				CLANG_WARN_DOCUMENTATION_COMMENTS = YES;
				CLANG_WARN_EMPTY_BODY = YES;
				CLANG_WARN_ENUM_CONVERSION = YES;
				CLANG_WARN_INFINITE_RECURSION = YES;
				CLANG_WARN_INT_CONVERSION = YES;
				CLANG_WARN_NON_LITERAL_NULL_CONVERSION = YES;
				CLANG_WARN_OBJC_LITERAL_CONVERSION = YES;
				CLANG_WARN_OBJC_ROOT_CLASS = YES_ERROR;
				CLANG_WARN_RANGE_LOOP_ANALYSIS = YES;
				CLANG_WARN_STRICT_PROTOTYPES = YES;
				CLANG_WARN_SUSPICIOUS_MOVE = YES;
				CLANG_WARN_UNREACHABLE_CODE = YES;
				CLANG_WARN__DUPLICATE_METHOD_MATCH = YES;
				"CODE_SIGN_IDENTITY[sdk=iphoneos*]" = "iPhone Developer";
				COPY_PHASE_STRIP = NO;
				DEBUG_INFORMATION_FORMAT = dwarf;
				ENABLE_STRICT_OBJC_MSGSEND = YES;
				ENABLE_TESTABILITY = YES;
				GCC_C_LANGUAGE_STANDARD = gnu99;
				GCC_DYNAMIC_NO_PIC = NO;
				GCC_NO_COMMON_BLOCKS = YES;
				GCC_OPTIMIZATION_LEVEL = 0;
				GCC_PREPROCESSOR_DEFINITIONS = (
					"DEBUG=1",
					"$(inherited)",
				);
				GCC_WARN_64_TO_32_BIT_CONVERSION = YES;
				GCC_WARN_ABOUT_RETURN_TYPE = YES_ERROR;
				GCC_WARN_UNDECLARED_SELECTOR = YES;
				GCC_WARN_UNINITIALIZED_AUTOS = YES_AGGRESSIVE;
				GCC_WARN_UNUSED_FUNCTION = YES;
				GCC_WARN_UNUSED_VARIABLE = YES;
				IPHONEOS_DEPLOYMENT_TARGET = 10.3;
				MTL_ENABLE_DEBUG_INFO = YES;
				ONLY_ACTIVE_ARCH = YES;
				SDKROOT = iphoneos;
				SWIFT_ACTIVE_COMPILATION_CONDITIONS = DEBUG;
				SWIFT_OPTIMIZATION_LEVEL = "-Onone";
				TARGETED_DEVICE_FAMILY = "1,2";
			};
			name = Debug;
		};
		41C205EA1F478E7D0029B39D /* Release */ = {
			isa = XCBuildConfiguration;
			buildSettings = {
				ALWAYS_SEARCH_USER_PATHS = NO;
				CLANG_ANALYZER_LOCALIZABILITY_NONLOCALIZED = YES;
				CLANG_ANALYZER_NONNULL = YES;
				CLANG_ANALYZER_NUMBER_OBJECT_CONVERSION = YES_AGGRESSIVE;
				CLANG_CXX_LANGUAGE_STANDARD = "gnu++0x";
				CLANG_CXX_LIBRARY = "libc++";
				CLANG_ENABLE_MODULES = YES;
				CLANG_ENABLE_OBJC_ARC = YES;
				CLANG_WARN_BLOCK_CAPTURE_AUTORELEASING = YES;
				CLANG_WARN_BOOL_CONVERSION = YES;
				CLANG_WARN_COMMA = YES;
				CLANG_WARN_CONSTANT_CONVERSION = YES;
				CLANG_WARN_DIRECT_OBJC_ISA_USAGE = YES_ERROR;
				CLANG_WARN_DOCUMENTATION_COMMENTS = YES;
				CLANG_WARN_EMPTY_BODY = YES;
				CLANG_WARN_ENUM_CONVERSION = YES;
				CLANG_WARN_INFINITE_RECURSION = YES;
				CLANG_WARN_INT_CONVERSION = YES;
				CLANG_WARN_NON_LITERAL_NULL_CONVERSION = YES;
				CLANG_WARN_OBJC_LITERAL_CONVERSION = YES;
				CLANG_WARN_OBJC_ROOT_CLASS = YES_ERROR;
				CLANG_WARN_RANGE_LOOP_ANALYSIS = YES;
				CLANG_WARN_STRICT_PROTOTYPES = YES;
				CLANG_WARN_SUSPICIOUS_MOVE = YES;
				CLANG_WARN_UNREACHABLE_CODE = YES;
				CLANG_WARN__DUPLICATE_METHOD_MATCH = YES;
				"CODE_SIGN_IDENTITY[sdk=iphoneos*]" = "iPhone Developer";
				COPY_PHASE_STRIP = NO;
				DEBUG_INFORMATION_FORMAT = "dwarf-with-dsym";
				ENABLE_NS_ASSERTIONS = NO;
				ENABLE_STRICT_OBJC_MSGSEND = YES;
				GCC_C_LANGUAGE_STANDARD = gnu99;
				GCC_NO_COMMON_BLOCKS = YES;
				GCC_WARN_64_TO_32_BIT_CONVERSION = YES;
				GCC_WARN_ABOUT_RETURN_TYPE = YES_ERROR;
				GCC_WARN_UNDECLARED_SELECTOR = YES;
				GCC_WARN_UNINITIALIZED_AUTOS = YES_AGGRESSIVE;
				GCC_WARN_UNUSED_FUNCTION = YES;
				GCC_WARN_UNUSED_VARIABLE = YES;
				IPHONEOS_DEPLOYMENT_TARGET = 10.3;
				MTL_ENABLE_DEBUG_INFO = NO;
				SDKROOT = iphoneos;
				SWIFT_OPTIMIZATION_LEVEL = "-Owholemodule";
				TARGETED_DEVICE_FAMILY = "1,2";
				VALIDATE_PRODUCT = YES;
			};
			name = Release;
		};
		41C205EC1F478E7D0029B39D /* Debug */ = {
			isa = XCBuildConfiguration;
			baseConfigurationReference = 6FAFEE120D5069C22F442CAA /* Pods-Voice Pitch Analyzer.debug.xcconfig */;
			buildSettings = {
				ASSETCATALOG_COMPILER_APPICON_NAME = AppIcon;
				DEVELOPMENT_TEAM = EHS3N33NZL;
				INFOPLIST_FILE = "Voice Pitch Analyzer/Info.plist";
				LD_RUNPATH_SEARCH_PATHS = "$(inherited) @executable_path/Frameworks";
				PRODUCT_BUNDLE_IDENTIFIER = com.carolanitz.voicepitchanalyzer;
				PRODUCT_NAME = "$(TARGET_NAME)";
				SWIFT_VERSION = 4.0;
			};
			name = Debug;
		};
		41C205ED1F478E7D0029B39D /* Release */ = {
			isa = XCBuildConfiguration;
			baseConfigurationReference = 4E8138DCC810D7C2E29B04DC /* Pods-Voice Pitch Analyzer.release.xcconfig */;
			buildSettings = {
				ASSETCATALOG_COMPILER_APPICON_NAME = AppIcon;
				DEVELOPMENT_TEAM = EHS3N33NZL;
				INFOPLIST_FILE = "Voice Pitch Analyzer/Info.plist";
				LD_RUNPATH_SEARCH_PATHS = "$(inherited) @executable_path/Frameworks";
				PRODUCT_BUNDLE_IDENTIFIER = com.carolanitz.voicepitchanalyzer;
				PRODUCT_NAME = "$(TARGET_NAME)";
				SWIFT_VERSION = 4.0;
			};
			name = Release;
		};
/* End XCBuildConfiguration section */

/* Begin XCConfigurationList section */
		41C205D41F478E7D0029B39D /* Build configuration list for PBXProject "Voice Pitch Analyzer" */ = {
			isa = XCConfigurationList;
			buildConfigurations = (
				41C205E91F478E7D0029B39D /* Debug */,
				41C205EA1F478E7D0029B39D /* Release */,
			);
			defaultConfigurationIsVisible = 0;
			defaultConfigurationName = Release;
		};
		41C205EB1F478E7D0029B39D /* Build configuration list for PBXNativeTarget "Voice Pitch Analyzer" */ = {
			isa = XCConfigurationList;
			buildConfigurations = (
				41C205EC1F478E7D0029B39D /* Debug */,
				41C205ED1F478E7D0029B39D /* Release */,
			);
			defaultConfigurationIsVisible = 0;
			defaultConfigurationName = Release;
		};
/* End XCConfigurationList section */
	};
	rootObject = 41C205D11F478E7D0029B39D /* Project object */;
}
